// !$*UTF8*$!
{
	archiveVersion = 1;
	classes = {
	};
	objectVersion = 50;
	objects = {

/* Begin PBXBuildFile section */
		CEEBB8A325D6C08500CFFAF4 /* AppDelegate.swift in Sources */ = {isa = PBXBuildFile; fileRef = CEEBB8A225D6C08500CFFAF4 /* AppDelegate.swift */; };
		CEEBB8A525D6C08500CFFAF4 /* SceneDelegate.swift in Sources */ = {isa = PBXBuildFile; fileRef = CEEBB8A425D6C08500CFFAF4 /* SceneDelegate.swift */; };
		CEEBB8A725D6C08500CFFAF4 /* ViewController.swift in Sources */ = {isa = PBXBuildFile; fileRef = CEEBB8A625D6C08500CFFAF4 /* ViewController.swift */; };
		CEEBB8AA25D6C08500CFFAF4 /* Main.storyboard in Resources */ = {isa = PBXBuildFile; fileRef = CEEBB8A825D6C08500CFFAF4 /* Main.storyboard */; };
		CEEBB8AC25D6C08600CFFAF4 /* Assets.xcassets in Resources */ = {isa = PBXBuildFile; fileRef = CEEBB8AB25D6C08600CFFAF4 /* Assets.xcassets */; };
		CEEBB8AF25D6C08600CFFAF4 /* LaunchScreen.storyboard in Resources */ = {isa = PBXBuildFile; fileRef = CEEBB8AD25D6C08600CFFAF4 /* LaunchScreen.storyboard */; };
		CEEBB8BA25D6C0D500CFFAF4 /* Next.storyboard in Resources */ = {isa = PBXBuildFile; fileRef = CEEBB8B925D6C0D500CFFAF4 /* Next.storyboard */; };
		CEEBB8BD25D6C0F100CFFAF4 /* NextViewController.swift in Sources */ = {isa = PBXBuildFile; fileRef = CEEBB8BC25D6C0F100CFFAF4 /* NextViewController.swift */; };
/* End PBXBuildFile section */

/* Begin PBXFileReference section */
		CEEBB89F25D6C08500CFFAF4 /* multiple storyboard.app */ = {isa = PBXFileReference; explicitFileType = wrapper.application; includeInIndex = 0; path = "multiple storyboard.app"; sourceTree = BUILT_PRODUCTS_DIR; };
		CEEBB8A225D6C08500CFFAF4 /* AppDelegate.swift */ = {isa = PBXFileReference; lastKnownFileType = sourcecode.swift; path = AppDelegate.swift; sourceTree = "<group>"; };
		CEEBB8A425D6C08500CFFAF4 /* SceneDelegate.swift */ = {isa = PBXFileReference; lastKnownFileType = sourcecode.swift; path = SceneDelegate.swift; sourceTree = "<group>"; };
		CEEBB8A625D6C08500CFFAF4 /* ViewController.swift */ = {isa = PBXFileReference; lastKnownFileType = sourcecode.swift; path = ViewController.swift; sourceTree = "<group>"; };
		CEEBB8A925D6C08500CFFAF4 /* Base */ = {isa = PBXFileReference; lastKnownFileType = file.storyboard; name = Base; path = Base.lproj/Main.storyboard; sourceTree = "<group>"; };
		CEEBB8AB25D6C08600CFFAF4 /* Assets.xcassets */ = {isa = PBXFileReference; lastKnownFileType = folder.assetcatalog; path = Assets.xcassets; sourceTree = "<group>"; };
		CEEBB8AE25D6C08600CFFAF4 /* Base */ = {isa = PBXFileReference; lastKnownFileType = file.storyboard; name = Base; path = Base.lproj/LaunchScreen.storyboard; sourceTree = "<group>"; };
		CEEBB8B025D6C08600CFFAF4 /* Info.plist */ = {isa = PBXFileReference; lastKnownFileType = text.plist.xml; path = Info.plist; sourceTree = "<group>"; };
		CEEBB8B925D6C0D500CFFAF4 /* Next.storyboard */ = {isa = PBXFileReference; lastKnownFileType = file.storyboard; path = Next.storyboard; sourceTree = "<group>"; };
		CEEBB8BC25D6C0F100CFFAF4 /* NextViewController.swift */ = {isa = PBXFileReference; lastKnownFileType = sourcecode.swift; path = NextViewController.swift; sourceTree = "<group>"; };
/* End PBXFileReference section */

/* Begin PBXFrameworksBuildPhase section */
		CEEBB89C25D6C08500CFFAF4 /* Frameworks */ = {
			isa = PBXFrameworksBuildPhase;
			buildActionMask = 2147483647;
			files = (
			);
			runOnlyForDeploymentPostprocessing = 0;
		};
/* End PBXFrameworksBuildPhase section */

/* Begin PBXGroup section */
		CEEBB89625D6C08500CFFAF4 = {
			isa = PBXGroup;
			children = (
				CEEBB8A125D6C08500CFFAF4 /* multiple storyboard */,
				CEEBB8A025D6C08500CFFAF4 /* Products */,
			);
			sourceTree = "<group>";
		};
		CEEBB8A025D6C08500CFFAF4 /* Products */ = {
			isa = PBXGroup;
			children = (
				CEEBB89F25D6C08500CFFAF4 /* multiple storyboard.app */,
			);
			name = Products;
			sourceTree = "<group>";
		};
		CEEBB8A125D6C08500CFFAF4 /* multiple storyboard */ = {
			isa = PBXGroup;
			children = (
				CEEBB8A225D6C08500CFFAF4 /* AppDelegate.swift */,
				CEEBB8A425D6C08500CFFAF4 /* SceneDelegate.swift */,
				CEEBB8B725D6C09100CFFAF4 /* Main */,
				CEEBB8B825D6C0A000CFFAF4 /* Next */,
				CEEBB8AB25D6C08600CFFAF4 /* Assets.xcassets */,
				CEEBB8AD25D6C08600CFFAF4 /* LaunchScreen.storyboard */,
				CEEBB8B025D6C08600CFFAF4 /* Info.plist */,
			);
			path = "multiple storyboard";
			sourceTree = "<group>";
		};
		CEEBB8B725D6C09100CFFAF4 /* Main */ = {
			isa = PBXGroup;
			children = (
				CEEBB8A625D6C08500CFFAF4 /* ViewController.swift */,
				CEEBB8A825D6C08500CFFAF4 /* Main.storyboard */,
			);
			path = Main;
			sourceTree = "<group>";
		};
		CEEBB8B825D6C0A000CFFAF4 /* Next */ = {
			isa = PBXGroup;
			children = (
				CEEBB8BC25D6C0F100CFFAF4 /* NextViewController.swift */,
				CEEBB8B925D6C0D500CFFAF4 /* Next.storyboard */,
			);
			path = Next;
			sourceTree = "<group>";
		};
/* End PBXGroup section */

/* Begin PBXNativeTarget section */
		CEEBB89E25D6C08500CFFAF4 /* multiple storyboard */ = {
			isa = PBXNativeTarget;
			buildConfigurationList = CEEBB8B325D6C08600CFFAF4 /* Build configuration list for PBXNativeTarget "multiple storyboard" */;
			buildPhases = (
				CEEBB89B25D6C08500CFFAF4 /* Sources */,
				CEEBB89C25D6C08500CFFAF4 /* Frameworks */,
				CEEBB89D25D6C08500CFFAF4 /* Resources */,
			);
			buildRules = (
			);
			dependencies = (
			);
			name = "multiple storyboard";
			productName = "multiple storyboard";
			productReference = CEEBB89F25D6C08500CFFAF4 /* multiple storyboard.app */;
			productType = "com.apple.product-type.application";
		};
/* End PBXNativeTarget section */

/* Begin PBXProject section */
		CEEBB89725D6C08500CFFAF4 /* Project object */ = {
			isa = PBXProject;
			attributes = {
				LastSwiftUpdateCheck = 1230;
				LastUpgradeCheck = 1230;
				TargetAttributes = {
					CEEBB89E25D6C08500CFFAF4 = {
						CreatedOnToolsVersion = 12.3;
					};
				};
			};
			buildConfigurationList = CEEBB89A25D6C08500CFFAF4 /* Build configuration list for PBXProject "multiple storyboard" */;
			compatibilityVersion = "Xcode 9.3";
			developmentRegion = en;
			hasScannedForEncodings = 0;
			knownRegions = (
				en,
				Base,
			);
			mainGroup = CEEBB89625D6C08500CFFAF4;
			productRefGroup = CEEBB8A025D6C08500CFFAF4 /* Products */;
			projectDirPath = "";
			projectRoot = "";
			targets = (
				CEEBB89E25D6C08500CFFAF4 /* multiple storyboard */,
			);
		};
/* End PBXProject section */

/* Begin PBXResourcesBuildPhase section */
		CEEBB89D25D6C08500CFFAF4 /* Resources */ = {
			isa = PBXResourcesBuildPhase;
			buildActionMask = 2147483647;
			files = (
				CEEBB8BA25D6C0D500CFFAF4 /* Next.storyboard in Resources */,
				CEEBB8AF25D6C08600CFFAF4 /* LaunchScreen.storyboard in Resources */,
				CEEBB8AC25D6C08600CFFAF4 /* Assets.xcassets in Resources */,
				CEEBB8AA25D6C08500CFFAF4 /* Main.storyboard in Resources */,
			);
			runOnlyForDeploymentPostprocessing = 0;
		};
/* End PBXResourcesBuildPhase section */

/* Begin PBXSourcesBuildPhase section */
		CEEBB89B25D6C08500CFFAF4 /* Sources */ = {
			isa = PBXSourcesBuildPhase;
			buildActionMask = 2147483647;
			files = (
				CEEBB8A725D6C08500CFFAF4 /* ViewController.swift in Sources */,
				CEEBB8BD25D6C0F100CFFAF4 /* NextViewController.swift in Sources */,
				CEEBB8A325D6C08500CFFAF4 /* AppDelegate.swift in Sources */,
				CEEBB8A525D6C08500CFFAF4 /* SceneDelegate.swift in Sources */,
			);
			runOnlyForDeploymentPostprocessing = 0;
		};
/* End PBXSourcesBuildPhase section */

/* Begin PBXVariantGroup section */
		CEEBB8A825D6C08500CFFAF4 /* Main.storyboard */ = {
			isa = PBXVariantGroup;
			children = (
				CEEBB8A925D6C08500CFFAF4 /* Base */,
			);
			name = Main.storyboard;
			sourceTree = "<group>";
		};
		CEEBB8AD25D6C08600CFFAF4 /* LaunchScreen.storyboard */ = {
			isa = PBXVariantGroup;
			children = (
				CEEBB8AE25D6C08600CFFAF4 /* Base */,
			);
			name = LaunchScreen.storyboard;
			sourceTree = "<group>";
		};
/* End PBXVariantGroup section */

/* Begin XCBuildConfiguration section */
		CEEBB8B125D6C08600CFFAF4 /* Debug */ = {
			isa = XCBuildConfiguration;
			buildSettings = {
				ALWAYS_SEARCH_USER_PATHS = NO;
				CLANG_ANALYZER_NONNULL = YES;
				CLANG_ANALYZER_NUMBER_OBJECT_CONVERSION = YES_AGGRESSIVE;
				CLANG_CXX_LANGUAGE_STANDARD = "gnu++14";
				CLANG_CXX_LIBRARY = "libc++";
				CLANG_ENABLE_MODULES = YES;
				CLANG_ENABLE_OBJC_ARC = YES;
				CLANG_ENABLE_OBJC_WEAK = YES;
				CLANG_WARN_BLOCK_CAPTURE_AUTORELEASING = YES;
				CLANG_WARN_BOOL_CONVERSION = YES;
				CLANG_WARN_COMMA = YES;
				CLANG_WARN_CONSTANT_CONVERSION = YES;
				CLANG_WARN_DEPRECATED_OBJC_IMPLEMENTATIONS = YES;
				CLANG_WARN_DIRECT_OBJC_ISA_USAGE = YES_ERROR;
				CLANG_WARN_DOCUMENTATION_COMMENTS = YES;
				CLANG_WARN_EMPTY_BODY = YES;
				CLANG_WARN_ENUM_CONVERSION = YES;
				CLANG_WARN_INFINITE_RECURSION = YES;
				CLANG_WARN_INT_CONVERSION = YES;
				CLANG_WARN_NON_LITERAL_NULL_CONVERSION = YES;
				CLANG_WARN_OBJC_IMPLICIT_RETAIN_SELF = YES;
				CLANG_WARN_OBJC_LITERAL_CONVERSION = YES;
				CLANG_WARN_OBJC_ROOT_CLASS = YES_ERROR;
				CLANG_WARN_QUOTED_INCLUDE_IN_FRAMEWORK_HEADER = YES;
				CLANG_WARN_RANGE_LOOP_ANALYSIS = YES;
				CLANG_WARN_STRICT_PROTOTYPES = YES;
				CLANG_WARN_SUSPICIOUS_MOVE = YES;
				CLANG_WARN_UNGUARDED_AVAILABILITY = YES_AGGRESSIVE;
				CLANG_WARN_UNREACHABLE_CODE = YES;
				CLANG_WARN__DUPLICATE_METHOD_MATCH = YES;
				COPY_PHASE_STRIP = NO;
				DEBUG_INFORMATION_FORMAT = dwarf;
				ENABLE_STRICT_OBJC_MSGSEND = YES;
				ENABLE_TESTABILITY = YES;
				GCC_C_LANGUAGE_STANDARD = gnu11;
				GCC_DYNAMIC_NO_PIC = NO;
				GCC_NO_COMMON_BLOCKS = YES;
				GCC_OPTIMIZATION_LEVEL = 0;
				GCC_PREPROCESSOR_DEFINITIONS = (
					"DEBUG=1",
					"$(inherited)",
				);
				GCC_WARN_64_TO_32_BIT_CONVERSION = YES;
				GCC_WARN_ABOUT_RETURN_TYPE = YES_ERROR;
				GCC_WARN_UNDECLARED_SELECTOR = YES;
				GCC_WARN_UNINITIALIZED_AUTOS = YES_AGGRESSIVE;
				GCC_WARN_UNUSED_FUNCTION = YES;
				GCC_WARN_UNUSED_VARIABLE = YES;
				IPHONEOS_DEPLOYMENT_TARGET = 14.3;
				MTL_ENABLE_DEBUG_INFO = INCLUDE_SOURCE;
				MTL_FAST_MATH = YES;
				ONLY_ACTIVE_ARCH = YES;
				SDKROOT = iphoneos;
				SWIFT_ACTIVE_COMPILATION_CONDITIONS = DEBUG;
				SWIFT_OPTIMIZATION_LEVEL = "-Onone";
			};
			name = Debug;
		};
		CEEBB8B225D6C08600CFFAF4 /* Release */ = {
			isa = XCBuildConfiguration;
			buildSettings = {
				ALWAYS_SEARCH_USER_PATHS = NO;
				CLANG_ANALYZER_NONNULL = YES;
				CLANG_ANALYZER_NUMBER_OBJECT_CONVERSION = YES_AGGRESSIVE;
				CLANG_CXX_LANGUAGE_STANDARD = "gnu++14";
				CLANG_CXX_LIBRARY = "libc++";
				CLANG_ENABLE_MODULES = YES;
				CLANG_ENABLE_OBJC_ARC = YES;
				CLANG_ENABLE_OBJC_WEAK = YES;
				CLANG_WARN_BLOCK_CAPTURE_AUTORELEASING = YES;
				CLANG_WARN_BOOL_CONVERSION = YES;
				CLANG_WARN_COMMA = YES;
				CLANG_WARN_CONSTANT_CONVERSION = YES;
				CLANG_WARN_DEPRECATED_OBJC_IMPLEMENTATIONS = YES;
				CLANG_WARN_DIRECT_OBJC_ISA_USAGE = YES_ERROR;
				CLANG_WARN_DOCUMENTATION_COMMENTS = YES;
				CLANG_WARN_EMPTY_BODY = YES;
				CLANG_WARN_ENUM_CONVERSION = YES;
				CLANG_WARN_INFINITE_RECURSION = YES;
				CLANG_WARN_INT_CONVERSION = YES;
				CLANG_WARN_NON_LITERAL_NULL_CONVERSION = YES;
				CLANG_WARN_OBJC_IMPLICIT_RETAIN_SELF = YES;
				CLANG_WARN_OBJC_LITERAL_CONVERSION = YES;
				CLANG_WARN_OBJC_ROOT_CLASS = YES_ERROR;
				CLANG_WARN_QUOTED_INCLUDE_IN_FRAMEWORK_HEADER = YES;
				CLANG_WARN_RANGE_LOOP_ANALYSIS = YES;
				CLANG_WARN_STRICT_PROTOTYPES = YES;
				CLANG_WARN_SUSPICIOUS_MOVE = YES;
				CLANG_WARN_UNGUARDED_AVAILABILITY = YES_AGGRESSIVE;
				CLANG_WARN_UNREACHABLE_CODE = YES;
				CLANG_WARN__DUPLICATE_METHOD_MATCH = YES;
				COPY_PHASE_STRIP = NO;
				DEBUG_INFORMATION_FORMAT = "dwarf-with-dsym";
				ENABLE_NS_ASSERTIONS = NO;
				ENABLE_STRICT_OBJC_MSGSEND = YES;
				GCC_C_LANGUAGE_STANDARD = gnu11;
				GCC_NO_COMMON_BLOCKS = YES;
				GCC_WARN_64_TO_32_BIT_CONVERSION = YES;
				GCC_WARN_ABOUT_RETURN_TYPE = YES_ERROR;
				GCC_WARN_UNDECLARED_SELECTOR = YES;
				GCC_WARN_UNINITIALIZED_AUTOS = YES_AGGRESSIVE;
				GCC_WARN_UNUSED_FUNCTION = YES;
				GCC_WARN_UNUSED_VARIABLE = YES;
				IPHONEOS_DEPLOYMENT_TARGET = 14.3;
				MTL_ENABLE_DEBUG_INFO = NO;
				MTL_FAST_MATH = YES;
				SDKROOT = iphoneos;
				SWIFT_COMPILATION_MODE = wholemodule;
				SWIFT_OPTIMIZATION_LEVEL = "-O";
				VALIDATE_PRODUCT = YES;
			};
			name = Release;
		};
		CEEBB8B425D6C08600CFFAF4 /* Debug */ = {
			isa = XCBuildConfiguration;
			buildSettings = {
				ASSETCATALOG_COMPILER_APPICON_NAME = AppIcon;
				ASSETCATALOG_COMPILER_GLOBAL_ACCENT_COLOR_NAME = AccentColor;
				CODE_SIGN_STYLE = Automatic;
				DEVELOPMENT_TEAM = 5D5SG6DZA9;
				INFOPLIST_FILE = "multiple storyboard/Info.plist";
				LD_RUNPATH_SEARCH_PATHS = (
					"$(inherited)",
					"@executable_path/Frameworks",
				);
				PRODUCT_BUNDLE_IDENTIFIER = "com.taelee.multiple-storyboard";
				PRODUCT_NAME = "$(TARGET_NAME)";
				SWIFT_VERSION = 5.0;
				TARGETED_DEVICE_FAMILY = "1,2";
			};
			name = Debug;
		};
		CEEBB8B525D6C08600CFFAF4 /* Release */ = {
			isa = XCBuildConfiguration;
			buildSettings = {
				ASSETCATALOG_COMPILER_APPICON_NAME = AppIcon;
				ASSETCATALOG_COMPILER_GLOBAL_ACCENT_COLOR_NAME = AccentColor;
				CODE_SIGN_STYLE = Automatic;
				DEVELOPMENT_TEAM = 5D5SG6DZA9;
				INFOPLIST_FILE = "multiple storyboard/Info.plist";
				LD_RUNPATH_SEARCH_PATHS = (
					"$(inherited)",
					"@executable_path/Frameworks",
				);
				PRODUCT_BUNDLE_IDENTIFIER = "com.taelee.multiple-storyboard";
				PRODUCT_NAME = "$(TARGET_NAME)";
				SWIFT_VERSION = 5.0;
				TARGETED_DEVICE_FAMILY = "1,2";
			};
			name = Release;
		};
/* End XCBuildConfiguration section */

/* Begin XCConfigurationList section */
		CEEBB89A25D6C08500CFFAF4 /* Build configuration list for PBXProject "multiple storyboard" */ = {
			isa = XCConfigurationList;
			buildConfigurations = (
				CEEBB8B125D6C08600CFFAF4 /* Debug */,
				CEEBB8B225D6C08600CFFAF4 /* Release */,
			);
			defaultConfigurationIsVisible = 0;
			defaultConfigurationName = Release;
		};
		CEEBB8B325D6C08600CFFAF4 /* Build configuration list for PBXNativeTarget "multiple storyboard" */ = {
			isa = XCConfigurationList;
			buildConfigurations = (
				CEEBB8B425D6C08600CFFAF4 /* Debug */,
				CEEBB8B525D6C08600CFFAF4 /* Release */,
			);
			defaultConfigurationIsVisible = 0;
			defaultConfigurationName = Release;
		};
/* End XCConfigurationList section */
	};
	rootObject = CEEBB89725D6C08500CFFAF4 /* Project object */;
}
