// !$*UTF8*$!
{
	archiveVersion = 1;
	classes = {
	};
	objectVersion = 50;
	objects = {

/* Begin PBXBuildFile section */
		CEA6A88725F3130C00BA6195 /* AppDelegate.swift in Sources */ = {isa = PBXBuildFile; fileRef = CEA6A88625F3130C00BA6195 /* AppDelegate.swift */; };
		CEA6A88925F3130C00BA6195 /* SceneDelegate.swift in Sources */ = {isa = PBXBuildFile; fileRef = CEA6A88825F3130C00BA6195 /* SceneDelegate.swift */; };
		CEA6A88B25F3130C00BA6195 /* ViewController.swift in Sources */ = {isa = PBXBuildFile; fileRef = CEA6A88A25F3130C00BA6195 /* ViewController.swift */; };
		CEA6A88E25F3130C00BA6195 /* Main.storyboard in Resources */ = {isa = PBXBuildFile; fileRef = CEA6A88C25F3130C00BA6195 /* Main.storyboard */; };
		CEA6A89025F3130D00BA6195 /* Assets.xcassets in Resources */ = {isa = PBXBuildFile; fileRef = CEA6A88F25F3130D00BA6195 /* Assets.xcassets */; };
		CEA6A89325F3130D00BA6195 /* LaunchScreen.storyboard in Resources */ = {isa = PBXBuildFile; fileRef = CEA6A89125F3130D00BA6195 /* LaunchScreen.storyboard */; };
		D1FC3FCEBC78BC19B0E9DA09 /* Pods_realmTutorial.framework in Frameworks */ = {isa = PBXBuildFile; fileRef = 772C391DAE0C0855CA761449 /* Pods_realmTutorial.framework */; };
/* End PBXBuildFile section */

/* Begin PBXFileReference section */
		0F5A39B634099EB634D07F82 /* Pods-realmTutorial.debug.xcconfig */ = {isa = PBXFileReference; includeInIndex = 1; lastKnownFileType = text.xcconfig; name = "Pods-realmTutorial.debug.xcconfig"; path = "Target Support Files/Pods-realmTutorial/Pods-realmTutorial.debug.xcconfig"; sourceTree = "<group>"; };
		2F161A9FECCD3C707F312EAC /* Pods-realmTutorial.release.xcconfig */ = {isa = PBXFileReference; includeInIndex = 1; lastKnownFileType = text.xcconfig; name = "Pods-realmTutorial.release.xcconfig"; path = "Target Support Files/Pods-realmTutorial/Pods-realmTutorial.release.xcconfig"; sourceTree = "<group>"; };
		772C391DAE0C0855CA761449 /* Pods_realmTutorial.framework */ = {isa = PBXFileReference; explicitFileType = wrapper.framework; includeInIndex = 0; path = Pods_realmTutorial.framework; sourceTree = BUILT_PRODUCTS_DIR; };
		CEA6A88325F3130C00BA6195 /* realmTutorial.app */ = {isa = PBXFileReference; explicitFileType = wrapper.application; includeInIndex = 0; path = realmTutorial.app; sourceTree = BUILT_PRODUCTS_DIR; };
		CEA6A88625F3130C00BA6195 /* AppDelegate.swift */ = {isa = PBXFileReference; lastKnownFileType = sourcecode.swift; path = AppDelegate.swift; sourceTree = "<group>"; };
		CEA6A88825F3130C00BA6195 /* SceneDelegate.swift */ = {isa = PBXFileReference; lastKnownFileType = sourcecode.swift; path = SceneDelegate.swift; sourceTree = "<group>"; };
		CEA6A88A25F3130C00BA6195 /* ViewController.swift */ = {isa = PBXFileReference; lastKnownFileType = sourcecode.swift; path = ViewController.swift; sourceTree = "<group>"; };
		CEA6A88D25F3130C00BA6195 /* Base */ = {isa = PBXFileReference; lastKnownFileType = file.storyboard; name = Base; path = Base.lproj/Main.storyboard; sourceTree = "<group>"; };
		CEA6A88F25F3130D00BA6195 /* Assets.xcassets */ = {isa = PBXFileReference; lastKnownFileType = folder.assetcatalog; path = Assets.xcassets; sourceTree = "<group>"; };
		CEA6A89225F3130D00BA6195 /* Base */ = {isa = PBXFileReference; lastKnownFileType = file.storyboard; name = Base; path = Base.lproj/LaunchScreen.storyboard; sourceTree = "<group>"; };
		CEA6A89425F3130D00BA6195 /* Info.plist */ = {isa = PBXFileReference; lastKnownFileType = text.plist.xml; path = Info.plist; sourceTree = "<group>"; };
/* End PBXFileReference section */

/* Begin PBXFrameworksBuildPhase section */
		CEA6A88025F3130C00BA6195 /* Frameworks */ = {
			isa = PBXFrameworksBuildPhase;
			buildActionMask = 2147483647;
			files = (
				D1FC3FCEBC78BC19B0E9DA09 /* Pods_realmTutorial.framework in Frameworks */,
			);
			runOnlyForDeploymentPostprocessing = 0;
		};
/* End PBXFrameworksBuildPhase section */

/* Begin PBXGroup section */
		9E3B9171BA83C59B062B3F75 /* Pods */ = {
			isa = PBXGroup;
			children = (
				0F5A39B634099EB634D07F82 /* Pods-realmTutorial.debug.xcconfig */,
				2F161A9FECCD3C707F312EAC /* Pods-realmTutorial.release.xcconfig */,
			);
			name = Pods;
			path = Pods;
			sourceTree = "<group>";
		};
		C12101425A7CABB906053FE4 /* Frameworks */ = {
			isa = PBXGroup;
			children = (
				772C391DAE0C0855CA761449 /* Pods_realmTutorial.framework */,
			);
			name = Frameworks;
			sourceTree = "<group>";
		};
		CEA6A87A25F3130C00BA6195 = {
			isa = PBXGroup;
			children = (
				CEA6A88525F3130C00BA6195 /* realmTutorial */,
				CEA6A88425F3130C00BA6195 /* Products */,
				9E3B9171BA83C59B062B3F75 /* Pods */,
				C12101425A7CABB906053FE4 /* Frameworks */,
			);
			sourceTree = "<group>";
		};
		CEA6A88425F3130C00BA6195 /* Products */ = {
			isa = PBXGroup;
			children = (
				CEA6A88325F3130C00BA6195 /* realmTutorial.app */,
			);
			name = Products;
			sourceTree = "<group>";
		};
		CEA6A88525F3130C00BA6195 /* realmTutorial */ = {
			isa = PBXGroup;
			children = (
				CEA6A88625F3130C00BA6195 /* AppDelegate.swift */,
				CEA6A88825F3130C00BA6195 /* SceneDelegate.swift */,
				CEA6A88A25F3130C00BA6195 /* ViewController.swift */,
				CEA6A88C25F3130C00BA6195 /* Main.storyboard */,
				CEA6A88F25F3130D00BA6195 /* Assets.xcassets */,
				CEA6A89125F3130D00BA6195 /* LaunchScreen.storyboard */,
				CEA6A89425F3130D00BA6195 /* Info.plist */,
			);
			path = realmTutorial;
			sourceTree = "<group>";
		};
/* End PBXGroup section */

/* Begin PBXNativeTarget section */
		CEA6A88225F3130C00BA6195 /* realmTutorial */ = {
			isa = PBXNativeTarget;
			buildConfigurationList = CEA6A89725F3130D00BA6195 /* Build configuration list for PBXNativeTarget "realmTutorial" */;
			buildPhases = (
				99D06B7057E6F24D0523680C /* [CP] Check Pods Manifest.lock */,
				CEA6A87F25F3130C00BA6195 /* Sources */,
				CEA6A88025F3130C00BA6195 /* Frameworks */,
				CEA6A88125F3130C00BA6195 /* Resources */,
				980B107A0813FF6F8DBBE51D /* [CP] Embed Pods Frameworks */,
			);
			buildRules = (
			);
			dependencies = (
			);
			name = realmTutorial;
			productName = realmTutorial;
			productReference = CEA6A88325F3130C00BA6195 /* realmTutorial.app */;
			productType = "com.apple.product-type.application";
		};
/* End PBXNativeTarget section */

/* Begin PBXProject section */
		CEA6A87B25F3130C00BA6195 /* Project object */ = {
			isa = PBXProject;
			attributes = {
				LastSwiftUpdateCheck = 1240;
				LastUpgradeCheck = 1240;
				TargetAttributes = {
					CEA6A88225F3130C00BA6195 = {
						CreatedOnToolsVersion = 12.4;
					};
				};
			};
			buildConfigurationList = CEA6A87E25F3130C00BA6195 /* Build configuration list for PBXProject "realmTutorial" */;
			compatibilityVersion = "Xcode 9.3";
			developmentRegion = en;
			hasScannedForEncodings = 0;
			knownRegions = (
				en,
				Base,
			);
			mainGroup = CEA6A87A25F3130C00BA6195;
			productRefGroup = CEA6A88425F3130C00BA6195 /* Products */;
			projectDirPath = "";
			projectRoot = "";
			targets = (
				CEA6A88225F3130C00BA6195 /* realmTutorial */,
			);
		};
/* End PBXProject section */

/* Begin PBXResourcesBuildPhase section */
		CEA6A88125F3130C00BA6195 /* Resources */ = {
			isa = PBXResourcesBuildPhase;
			buildActionMask = 2147483647;
			files = (
				CEA6A89325F3130D00BA6195 /* LaunchScreen.storyboard in Resources */,
				CEA6A89025F3130D00BA6195 /* Assets.xcassets in Resources */,
				CEA6A88E25F3130C00BA6195 /* Main.storyboard in Resources */,
			);
			runOnlyForDeploymentPostprocessing = 0;
		};
/* End PBXResourcesBuildPhase section */

/* Begin PBXShellScriptBuildPhase section */
		980B107A0813FF6F8DBBE51D /* [CP] Embed Pods Frameworks */ = {
			isa = PBXShellScriptBuildPhase;
			buildActionMask = 2147483647;
			files = (
			);
			inputFileListPaths = (
				"${PODS_ROOT}/Target Support Files/Pods-realmTutorial/Pods-realmTutorial-frameworks-${CONFIGURATION}-input-files.xcfilelist",
			);
			name = "[CP] Embed Pods Frameworks";
			outputFileListPaths = (
				"${PODS_ROOT}/Target Support Files/Pods-realmTutorial/Pods-realmTutorial-frameworks-${CONFIGURATION}-output-files.xcfilelist",
			);
			runOnlyForDeploymentPostprocessing = 0;
			shellPath = /bin/sh;
			shellScript = "\"${PODS_ROOT}/Target Support Files/Pods-realmTutorial/Pods-realmTutorial-frameworks.sh\"\n";
			showEnvVarsInLog = 0;
		};
		99D06B7057E6F24D0523680C /* [CP] Check Pods Manifest.lock */ = {
			isa = PBXShellScriptBuildPhase;
			buildActionMask = 2147483647;
			files = (
			);
			inputFileListPaths = (
			);
			inputPaths = (
				"${PODS_PODFILE_DIR_PATH}/Podfile.lock",
				"${PODS_ROOT}/Manifest.lock",
			);
			name = "[CP] Check Pods Manifest.lock";
			outputFileListPaths = (
			);
			outputPaths = (
				"$(DERIVED_FILE_DIR)/Pods-realmTutorial-checkManifestLockResult.txt",
			);
			runOnlyForDeploymentPostprocessing = 0;
			shellPath = /bin/sh;
			shellScript = "diff \"${PODS_PODFILE_DIR_PATH}/Podfile.lock\" \"${PODS_ROOT}/Manifest.lock\" > /dev/null\nif [ $? != 0 ] ; then\n    # print error to STDERR\n    echo \"error: The sandbox is not in sync with the Podfile.lock. Run 'pod install' or update your CocoaPods installation.\" >&2\n    exit 1\nfi\n# This output is used by Xcode 'outputs' to avoid re-running this script phase.\necho \"SUCCESS\" > \"${SCRIPT_OUTPUT_FILE_0}\"\n";
			showEnvVarsInLog = 0;
		};
/* End PBXShellScriptBuildPhase section */

/* Begin PBXSourcesBuildPhase section */
		CEA6A87F25F3130C00BA6195 /* Sources */ = {
			isa = PBXSourcesBuildPhase;
			buildActionMask = 2147483647;
			files = (
				CEA6A88B25F3130C00BA6195 /* ViewController.swift in Sources */,
				CEA6A88725F3130C00BA6195 /* AppDelegate.swift in Sources */,
				CEA6A88925F3130C00BA6195 /* SceneDelegate.swift in Sources */,
			);
			runOnlyForDeploymentPostprocessing = 0;
		};
/* End PBXSourcesBuildPhase section */

/* Begin PBXVariantGroup section */
		CEA6A88C25F3130C00BA6195 /* Main.storyboard */ = {
			isa = PBXVariantGroup;
			children = (
				CEA6A88D25F3130C00BA6195 /* Base */,
			);
			name = Main.storyboard;
			sourceTree = "<group>";
		};
		CEA6A89125F3130D00BA6195 /* LaunchScreen.storyboard */ = {
			isa = PBXVariantGroup;
			children = (
				CEA6A89225F3130D00BA6195 /* Base */,
			);
			name = LaunchScreen.storyboard;
			sourceTree = "<group>";
		};
/* End PBXVariantGroup section */

/* Begin XCBuildConfiguration section */
		CEA6A89525F3130D00BA6195 /* Debug */ = {
			isa = XCBuildConfiguration;
			buildSettings = {
				ALWAYS_SEARCH_USER_PATHS = NO;
				CLANG_ANALYZER_NONNULL = YES;
				CLANG_ANALYZER_NUMBER_OBJECT_CONVERSION = YES_AGGRESSIVE;
				CLANG_CXX_LANGUAGE_STANDARD = "gnu++14";
				CLANG_CXX_LIBRARY = "libc++";
				CLANG_ENABLE_MODULES = YES;
				CLANG_ENABLE_OBJC_ARC = YES;
				CLANG_ENABLE_OBJC_WEAK = YES;
				CLANG_WARN_BLOCK_CAPTURE_AUTORELEASING = YES;
				CLANG_WARN_BOOL_CONVERSION = YES;
				CLANG_WARN_COMMA = YES;
				CLANG_WARN_CONSTANT_CONVERSION = YES;
				CLANG_WARN_DEPRECATED_OBJC_IMPLEMENTATIONS = YES;
				CLANG_WARN_DIRECT_OBJC_ISA_USAGE = YES_ERROR;
				CLANG_WARN_DOCUMENTATION_COMMENTS = YES;
				CLANG_WARN_EMPTY_BODY = YES;
				CLANG_WARN_ENUM_CONVERSION = YES;
				CLANG_WARN_INFINITE_RECURSION = YES;
				CLANG_WARN_INT_CONVERSION = YES;
				CLANG_WARN_NON_LITERAL_NULL_CONVERSION = YES;
				CLANG_WARN_OBJC_IMPLICIT_RETAIN_SELF = YES;
				CLANG_WARN_OBJC_LITERAL_CONVERSION = YES;
				CLANG_WARN_OBJC_ROOT_CLASS = YES_ERROR;
				CLANG_WARN_QUOTED_INCLUDE_IN_FRAMEWORK_HEADER = YES;
				CLANG_WARN_RANGE_LOOP_ANALYSIS = YES;
				CLANG_WARN_STRICT_PROTOTYPES = YES;
				CLANG_WARN_SUSPICIOUS_MOVE = YES;
				CLANG_WARN_UNGUARDED_AVAILABILITY = YES_AGGRESSIVE;
				CLANG_WARN_UNREACHABLE_CODE = YES;
				CLANG_WARN__DUPLICATE_METHOD_MATCH = YES;
				COPY_PHASE_STRIP = NO;
				DEBUG_INFORMATION_FORMAT = dwarf;
				ENABLE_STRICT_OBJC_MSGSEND = YES;
				ENABLE_TESTABILITY = YES;
				GCC_C_LANGUAGE_STANDARD = gnu11;
				GCC_DYNAMIC_NO_PIC = NO;
				GCC_NO_COMMON_BLOCKS = YES;
				GCC_OPTIMIZATION_LEVEL = 0;
				GCC_PREPROCESSOR_DEFINITIONS = (
					"DEBUG=1",
					"$(inherited)",
				);
				GCC_WARN_64_TO_32_BIT_CONVERSION = YES;
				GCC_WARN_ABOUT_RETURN_TYPE = YES_ERROR;
				GCC_WARN_UNDECLARED_SELECTOR = YES;
				GCC_WARN_UNINITIALIZED_AUTOS = YES_AGGRESSIVE;
				GCC_WARN_UNUSED_FUNCTION = YES;
				GCC_WARN_UNUSED_VARIABLE = YES;
				IPHONEOS_DEPLOYMENT_TARGET = 14.4;
				MTL_ENABLE_DEBUG_INFO = INCLUDE_SOURCE;
				MTL_FAST_MATH = YES;
				ONLY_ACTIVE_ARCH = YES;
				SDKROOT = iphoneos;
				SWIFT_ACTIVE_COMPILATION_CONDITIONS = DEBUG;
				SWIFT_OPTIMIZATION_LEVEL = "-Onone";
			};
			name = Debug;
		};
		CEA6A89625F3130D00BA6195 /* Release */ = {
			isa = XCBuildConfiguration;
			buildSettings = {
				ALWAYS_SEARCH_USER_PATHS = NO;
				CLANG_ANALYZER_NONNULL = YES;
				CLANG_ANALYZER_NUMBER_OBJECT_CONVERSION = YES_AGGRESSIVE;
				CLANG_CXX_LANGUAGE_STANDARD = "gnu++14";
				CLANG_CXX_LIBRARY = "libc++";
				CLANG_ENABLE_MODULES = YES;
				CLANG_ENABLE_OBJC_ARC = YES;
				CLANG_ENABLE_OBJC_WEAK = YES;
				CLANG_WARN_BLOCK_CAPTURE_AUTORELEASING = YES;
				CLANG_WARN_BOOL_CONVERSION = YES;
				CLANG_WARN_COMMA = YES;
				CLANG_WARN_CONSTANT_CONVERSION = YES;
				CLANG_WARN_DEPRECATED_OBJC_IMPLEMENTATIONS = YES;
				CLANG_WARN_DIRECT_OBJC_ISA_USAGE = YES_ERROR;
				CLANG_WARN_DOCUMENTATION_COMMENTS = YES;
				CLANG_WARN_EMPTY_BODY = YES;
				CLANG_WARN_ENUM_CONVERSION = YES;
				CLANG_WARN_INFINITE_RECURSION = YES;
				CLANG_WARN_INT_CONVERSION = YES;
				CLANG_WARN_NON_LITERAL_NULL_CONVERSION = YES;
				CLANG_WARN_OBJC_IMPLICIT_RETAIN_SELF = YES;
				CLANG_WARN_OBJC_LITERAL_CONVERSION = YES;
				CLANG_WARN_OBJC_ROOT_CLASS = YES_ERROR;
				CLANG_WARN_QUOTED_INCLUDE_IN_FRAMEWORK_HEADER = YES;
				CLANG_WARN_RANGE_LOOP_ANALYSIS = YES;
				CLANG_WARN_STRICT_PROTOTYPES = YES;
				CLANG_WARN_SUSPICIOUS_MOVE = YES;
				CLANG_WARN_UNGUARDED_AVAILABILITY = YES_AGGRESSIVE;
				CLANG_WARN_UNREACHABLE_CODE = YES;
				CLANG_WARN__DUPLICATE_METHOD_MATCH = YES;
				COPY_PHASE_STRIP = NO;
				DEBUG_INFORMATION_FORMAT = "dwarf-with-dsym";
				ENABLE_NS_ASSERTIONS = NO;
				ENABLE_STRICT_OBJC_MSGSEND = YES;
				GCC_C_LANGUAGE_STANDARD = gnu11;
				GCC_NO_COMMON_BLOCKS = YES;
				GCC_WARN_64_TO_32_BIT_CONVERSION = YES;
				GCC_WARN_ABOUT_RETURN_TYPE = YES_ERROR;
				GCC_WARN_UNDECLARED_SELECTOR = YES;
				GCC_WARN_UNINITIALIZED_AUTOS = YES_AGGRESSIVE;
				GCC_WARN_UNUSED_FUNCTION = YES;
				GCC_WARN_UNUSED_VARIABLE = YES;
				IPHONEOS_DEPLOYMENT_TARGET = 14.4;
				MTL_ENABLE_DEBUG_INFO = NO;
				MTL_FAST_MATH = YES;
				SDKROOT = iphoneos;
				SWIFT_COMPILATION_MODE = wholemodule;
				SWIFT_OPTIMIZATION_LEVEL = "-O";
				VALIDATE_PRODUCT = YES;
			};
			name = Release;
		};
		CEA6A89825F3130D00BA6195 /* Debug */ = {
			isa = XCBuildConfiguration;
			baseConfigurationReference = 0F5A39B634099EB634D07F82 /* Pods-realmTutorial.debug.xcconfig */;
			buildSettings = {
				ASSETCATALOG_COMPILER_APPICON_NAME = AppIcon;
				ASSETCATALOG_COMPILER_GLOBAL_ACCENT_COLOR_NAME = AccentColor;
				CODE_SIGN_STYLE = Automatic;
				DEVELOPMENT_TEAM = 5D5SG6DZA9;
				INFOPLIST_FILE = realmTutorial/Info.plist;
				LD_RUNPATH_SEARCH_PATHS = (
					"$(inherited)",
					"@executable_path/Frameworks",
				);
				PRODUCT_BUNDLE_IDENTIFIER = com.taelee.realmTutorial;
				PRODUCT_NAME = "$(TARGET_NAME)";
				SWIFT_VERSION = 5.0;
				TARGETED_DEVICE_FAMILY = "1,2";
			};
			name = Debug;
		};
		CEA6A89925F3130D00BA6195 /* Release */ = {
			isa = XCBuildConfiguration;
			baseConfigurationReference = 2F161A9FECCD3C707F312EAC /* Pods-realmTutorial.release.xcconfig */;
			buildSettings = {
				ASSETCATALOG_COMPILER_APPICON_NAME = AppIcon;
				ASSETCATALOG_COMPILER_GLOBAL_ACCENT_COLOR_NAME = AccentColor;
				CODE_SIGN_STYLE = Automatic;
				DEVELOPMENT_TEAM = 5D5SG6DZA9;
				INFOPLIST_FILE = realmTutorial/Info.plist;
				LD_RUNPATH_SEARCH_PATHS = (
					"$(inherited)",
					"@executable_path/Frameworks",
				);
				PRODUCT_BUNDLE_IDENTIFIER = com.taelee.realmTutorial;
				PRODUCT_NAME = "$(TARGET_NAME)";
				SWIFT_VERSION = 5.0;
				TARGETED_DEVICE_FAMILY = "1,2";
			};
			name = Release;
		};
/* End XCBuildConfiguration section */

/* Begin XCConfigurationList section */
		CEA6A87E25F3130C00BA6195 /* Build configuration list for PBXProject "realmTutorial" */ = {
			isa = XCConfigurationList;
			buildConfigurations = (
				CEA6A89525F3130D00BA6195 /* Debug */,
				CEA6A89625F3130D00BA6195 /* Release */,
			);
			defaultConfigurationIsVisible = 0;
			defaultConfigurationName = Release;
		};
		CEA6A89725F3130D00BA6195 /* Build configuration list for PBXNativeTarget "realmTutorial" */ = {
			isa = XCConfigurationList;
			buildConfigurations = (
				CEA6A89825F3130D00BA6195 /* Debug */,
				CEA6A89925F3130D00BA6195 /* Release */,
			);
			defaultConfigurationIsVisible = 0;
			defaultConfigurationName = Release;
		};
/* End XCConfigurationList section */
	};
	rootObject = CEA6A87B25F3130C00BA6195 /* Project object */;
}
