// !$*UTF8*$!
{
	archiveVersion = 1;
	classes = {
	};
	objectVersion = 50;
	objects = {

/* Begin PBXBuildFile section */
		CEDCC64325D8CBF4008D8044 /* AppDelegate.swift in Sources */ = {isa = PBXBuildFile; fileRef = CEDCC64225D8CBF4008D8044 /* AppDelegate.swift */; };
		CEDCC64525D8CBF4008D8044 /* SceneDelegate.swift in Sources */ = {isa = PBXBuildFile; fileRef = CEDCC64425D8CBF4008D8044 /* SceneDelegate.swift */; };
		CEDCC64725D8CBF4008D8044 /* ViewController.swift in Sources */ = {isa = PBXBuildFile; fileRef = CEDCC64625D8CBF4008D8044 /* ViewController.swift */; };
		CEDCC64A25D8CBF4008D8044 /* Main.storyboard in Resources */ = {isa = PBXBuildFile; fileRef = CEDCC64825D8CBF4008D8044 /* Main.storyboard */; };
		CEDCC64C25D8CBF8008D8044 /* Assets.xcassets in Resources */ = {isa = PBXBuildFile; fileRef = CEDCC64B25D8CBF8008D8044 /* Assets.xcassets */; };
		CEDCC64F25D8CBF8008D8044 /* LaunchScreen.storyboard in Resources */ = {isa = PBXBuildFile; fileRef = CEDCC64D25D8CBF8008D8044 /* LaunchScreen.storyboard */; };
		CEDCC65825D8CD9D008D8044 /* Second.storyboard in Resources */ = {isa = PBXBuildFile; fileRef = CEDCC65725D8CD9D008D8044 /* Second.storyboard */; };
		CEDCC65B25D8CDEF008D8044 /* SecondViewController.swift in Sources */ = {isa = PBXBuildFile; fileRef = CEDCC65A25D8CDEF008D8044 /* SecondViewController.swift */; };
/* End PBXBuildFile section */

/* Begin PBXFileReference section */
		CEDCC63F25D8CBF4008D8044 /* multiple_storyboard.app */ = {isa = PBXFileReference; explicitFileType = wrapper.application; includeInIndex = 0; path = multiple_storyboard.app; sourceTree = BUILT_PRODUCTS_DIR; };
		CEDCC64225D8CBF4008D8044 /* AppDelegate.swift */ = {isa = PBXFileReference; lastKnownFileType = sourcecode.swift; path = AppDelegate.swift; sourceTree = "<group>"; };
		CEDCC64425D8CBF4008D8044 /* SceneDelegate.swift */ = {isa = PBXFileReference; lastKnownFileType = sourcecode.swift; path = SceneDelegate.swift; sourceTree = "<group>"; };
		CEDCC64625D8CBF4008D8044 /* ViewController.swift */ = {isa = PBXFileReference; lastKnownFileType = sourcecode.swift; path = ViewController.swift; sourceTree = "<group>"; };
		CEDCC64925D8CBF4008D8044 /* Base */ = {isa = PBXFileReference; lastKnownFileType = file.storyboard; name = Base; path = Base.lproj/Main.storyboard; sourceTree = "<group>"; };
		CEDCC64B25D8CBF8008D8044 /* Assets.xcassets */ = {isa = PBXFileReference; lastKnownFileType = folder.assetcatalog; path = Assets.xcassets; sourceTree = "<group>"; };
		CEDCC64E25D8CBF8008D8044 /* Base */ = {isa = PBXFileReference; lastKnownFileType = file.storyboard; name = Base; path = Base.lproj/LaunchScreen.storyboard; sourceTree = "<group>"; };
		CEDCC65025D8CBF8008D8044 /* Info.plist */ = {isa = PBXFileReference; lastKnownFileType = text.plist.xml; path = Info.plist; sourceTree = "<group>"; };
		CEDCC65725D8CD9D008D8044 /* Second.storyboard */ = {isa = PBXFileReference; lastKnownFileType = file.storyboard; path = Second.storyboard; sourceTree = "<group>"; };
		CEDCC65A25D8CDEF008D8044 /* SecondViewController.swift */ = {isa = PBXFileReference; lastKnownFileType = sourcecode.swift; path = SecondViewController.swift; sourceTree = "<group>"; };
/* End PBXFileReference section */

/* Begin PBXFrameworksBuildPhase section */
		CEDCC63C25D8CBF4008D8044 /* Frameworks */ = {
			isa = PBXFrameworksBuildPhase;
			buildActionMask = 2147483647;
			files = (
			);
			runOnlyForDeploymentPostprocessing = 0;
		};
/* End PBXFrameworksBuildPhase section */

/* Begin PBXGroup section */
		CEDCC63625D8CBF4008D8044 = {
			isa = PBXGroup;
			children = (
				CEDCC64125D8CBF4008D8044 /* multiple_storyboard */,
				CEDCC64025D8CBF4008D8044 /* Products */,
			);
			sourceTree = "<group>";
		};
		CEDCC64025D8CBF4008D8044 /* Products */ = {
			isa = PBXGroup;
			children = (
				CEDCC63F25D8CBF4008D8044 /* multiple_storyboard.app */,
			);
			name = Products;
			sourceTree = "<group>";
		};
		CEDCC64125D8CBF4008D8044 /* multiple_storyboard */ = {
			isa = PBXGroup;
			children = (
				CEDCC64225D8CBF4008D8044 /* AppDelegate.swift */,
				CEDCC64425D8CBF4008D8044 /* SceneDelegate.swift */,
				CEDCC65D25D8CE56008D8044 /* Main */,
				CEDCC65E25D8CE5B008D8044 /* Second */,
				CEDCC64B25D8CBF8008D8044 /* Assets.xcassets */,
				CEDCC64D25D8CBF8008D8044 /* LaunchScreen.storyboard */,
				CEDCC65025D8CBF8008D8044 /* Info.plist */,
			);
			path = multiple_storyboard;
			sourceTree = "<group>";
		};
		CEDCC65D25D8CE56008D8044 /* Main */ = {
			isa = PBXGroup;
			children = (
				CEDCC64625D8CBF4008D8044 /* ViewController.swift */,
				CEDCC64825D8CBF4008D8044 /* Main.storyboard */,
			);
			path = Main;
			sourceTree = "<group>";
		};
		CEDCC65E25D8CE5B008D8044 /* Second */ = {
			isa = PBXGroup;
			children = (
				CEDCC65A25D8CDEF008D8044 /* SecondViewController.swift */,
				CEDCC65725D8CD9D008D8044 /* Second.storyboard */,
			);
			path = Second;
			sourceTree = "<group>";
		};
/* End PBXGroup section */

/* Begin PBXNativeTarget section */
		CEDCC63E25D8CBF4008D8044 /* multiple_storyboard */ = {
			isa = PBXNativeTarget;
			buildConfigurationList = CEDCC65325D8CBF8008D8044 /* Build configuration list for PBXNativeTarget "multiple_storyboard" */;
			buildPhases = (
				CEDCC63B25D8CBF4008D8044 /* Sources */,
				CEDCC63C25D8CBF4008D8044 /* Frameworks */,
				CEDCC63D25D8CBF4008D8044 /* Resources */,
			);
			buildRules = (
			);
			dependencies = (
			);
			name = multiple_storyboard;
			productName = multiple_storyboard;
			productReference = CEDCC63F25D8CBF4008D8044 /* multiple_storyboard.app */;
			productType = "com.apple.product-type.application";
		};
/* End PBXNativeTarget section */

/* Begin PBXProject section */
		CEDCC63725D8CBF4008D8044 /* Project object */ = {
			isa = PBXProject;
			attributes = {
				LastSwiftUpdateCheck = 1230;
				LastUpgradeCheck = 1230;
				TargetAttributes = {
					CEDCC63E25D8CBF4008D8044 = {
						CreatedOnToolsVersion = 12.3;
					};
				};
			};
			buildConfigurationList = CEDCC63A25D8CBF4008D8044 /* Build configuration list for PBXProject "multiple_storyboard" */;
			compatibilityVersion = "Xcode 9.3";
			developmentRegion = en;
			hasScannedForEncodings = 0;
			knownRegions = (
				en,
				Base,
			);
			mainGroup = CEDCC63625D8CBF4008D8044;
			productRefGroup = CEDCC64025D8CBF4008D8044 /* Products */;
			projectDirPath = "";
			projectRoot = "";
			targets = (
				CEDCC63E25D8CBF4008D8044 /* multiple_storyboard */,
			);
		};
/* End PBXProject section */

/* Begin PBXResourcesBuildPhase section */
		CEDCC63D25D8CBF4008D8044 /* Resources */ = {
			isa = PBXResourcesBuildPhase;
			buildActionMask = 2147483647;
			files = (
				CEDCC65825D8CD9D008D8044 /* Second.storyboard in Resources */,
				CEDCC64F25D8CBF8008D8044 /* LaunchScreen.storyboard in Resources */,
				CEDCC64C25D8CBF8008D8044 /* Assets.xcassets in Resources */,
				CEDCC64A25D8CBF4008D8044 /* Main.storyboard in Resources */,
			);
			runOnlyForDeploymentPostprocessing = 0;
		};
/* End PBXResourcesBuildPhase section */

/* Begin PBXSourcesBuildPhase section */
		CEDCC63B25D8CBF4008D8044 /* Sources */ = {
			isa = PBXSourcesBuildPhase;
			buildActionMask = 2147483647;
			files = (
				CEDCC65B25D8CDEF008D8044 /* SecondViewController.swift in Sources */,
				CEDCC64725D8CBF4008D8044 /* ViewController.swift in Sources */,
				CEDCC64325D8CBF4008D8044 /* AppDelegate.swift in Sources */,
				CEDCC64525D8CBF4008D8044 /* SceneDelegate.swift in Sources */,
			);
			runOnlyForDeploymentPostprocessing = 0;
		};
/* End PBXSourcesBuildPhase section */

/* Begin PBXVariantGroup section */
		CEDCC64825D8CBF4008D8044 /* Main.storyboard */ = {
			isa = PBXVariantGroup;
			children = (
				CEDCC64925D8CBF4008D8044 /* Base */,
			);
			name = Main.storyboard;
			sourceTree = "<group>";
		};
		CEDCC64D25D8CBF8008D8044 /* LaunchScreen.storyboard */ = {
			isa = PBXVariantGroup;
			children = (
				CEDCC64E25D8CBF8008D8044 /* Base */,
			);
			name = LaunchScreen.storyboard;
			sourceTree = "<group>";
		};
/* End PBXVariantGroup section */

/* Begin XCBuildConfiguration section */
		CEDCC65125D8CBF8008D8044 /* Debug */ = {
			isa = XCBuildConfiguration;
			buildSettings = {
				ALWAYS_SEARCH_USER_PATHS = NO;
				CLANG_ANALYZER_NONNULL = YES;
				CLANG_ANALYZER_NUMBER_OBJECT_CONVERSION = YES_AGGRESSIVE;
				CLANG_CXX_LANGUAGE_STANDARD = "gnu++14";
				CLANG_CXX_LIBRARY = "libc++";
				CLANG_ENABLE_MODULES = YES;
				CLANG_ENABLE_OBJC_ARC = YES;
				CLANG_ENABLE_OBJC_WEAK = YES;
				CLANG_WARN_BLOCK_CAPTURE_AUTORELEASING = YES;
				CLANG_WARN_BOOL_CONVERSION = YES;
				CLANG_WARN_COMMA = YES;
				CLANG_WARN_CONSTANT_CONVERSION = YES;
				CLANG_WARN_DEPRECATED_OBJC_IMPLEMENTATIONS = YES;
				CLANG_WARN_DIRECT_OBJC_ISA_USAGE = YES_ERROR;
				CLANG_WARN_DOCUMENTATION_COMMENTS = YES;
				CLANG_WARN_EMPTY_BODY = YES;
				CLANG_WARN_ENUM_CONVERSION = YES;
				CLANG_WARN_INFINITE_RECURSION = YES;
				CLANG_WARN_INT_CONVERSION = YES;
				CLANG_WARN_NON_LITERAL_NULL_CONVERSION = YES;
				CLANG_WARN_OBJC_IMPLICIT_RETAIN_SELF = YES;
				CLANG_WARN_OBJC_LITERAL_CONVERSION = YES;
				CLANG_WARN_OBJC_ROOT_CLASS = YES_ERROR;
				CLANG_WARN_QUOTED_INCLUDE_IN_FRAMEWORK_HEADER = YES;
				CLANG_WARN_RANGE_LOOP_ANALYSIS = YES;
				CLANG_WARN_STRICT_PROTOTYPES = YES;
				CLANG_WARN_SUSPICIOUS_MOVE = YES;
				CLANG_WARN_UNGUARDED_AVAILABILITY = YES_AGGRESSIVE;
				CLANG_WARN_UNREACHABLE_CODE = YES;
				CLANG_WARN__DUPLICATE_METHOD_MATCH = YES;
				COPY_PHASE_STRIP = NO;
				DEBUG_INFORMATION_FORMAT = dwarf;
				ENABLE_STRICT_OBJC_MSGSEND = YES;
				ENABLE_TESTABILITY = YES;
				GCC_C_LANGUAGE_STANDARD = gnu11;
				GCC_DYNAMIC_NO_PIC = NO;
				GCC_NO_COMMON_BLOCKS = YES;
				GCC_OPTIMIZATION_LEVEL = 0;
				GCC_PREPROCESSOR_DEFINITIONS = (
					"DEBUG=1",
					"$(inherited)",
				);
				GCC_WARN_64_TO_32_BIT_CONVERSION = YES;
				GCC_WARN_ABOUT_RETURN_TYPE = YES_ERROR;
				GCC_WARN_UNDECLARED_SELECTOR = YES;
				GCC_WARN_UNINITIALIZED_AUTOS = YES_AGGRESSIVE;
				GCC_WARN_UNUSED_FUNCTION = YES;
				GCC_WARN_UNUSED_VARIABLE = YES;
				IPHONEOS_DEPLOYMENT_TARGET = 14.3;
				MTL_ENABLE_DEBUG_INFO = INCLUDE_SOURCE;
				MTL_FAST_MATH = YES;
				ONLY_ACTIVE_ARCH = YES;
				SDKROOT = iphoneos;
				SWIFT_ACTIVE_COMPILATION_CONDITIONS = DEBUG;
				SWIFT_OPTIMIZATION_LEVEL = "-Onone";
			};
			name = Debug;
		};
		CEDCC65225D8CBF8008D8044 /* Release */ = {
			isa = XCBuildConfiguration;
			buildSettings = {
				ALWAYS_SEARCH_USER_PATHS = NO;
				CLANG_ANALYZER_NONNULL = YES;
				CLANG_ANALYZER_NUMBER_OBJECT_CONVERSION = YES_AGGRESSIVE;
				CLANG_CXX_LANGUAGE_STANDARD = "gnu++14";
				CLANG_CXX_LIBRARY = "libc++";
				CLANG_ENABLE_MODULES = YES;
				CLANG_ENABLE_OBJC_ARC = YES;
				CLANG_ENABLE_OBJC_WEAK = YES;
				CLANG_WARN_BLOCK_CAPTURE_AUTORELEASING = YES;
				CLANG_WARN_BOOL_CONVERSION = YES;
				CLANG_WARN_COMMA = YES;
				CLANG_WARN_CONSTANT_CONVERSION = YES;
				CLANG_WARN_DEPRECATED_OBJC_IMPLEMENTATIONS = YES;
				CLANG_WARN_DIRECT_OBJC_ISA_USAGE = YES_ERROR;
				CLANG_WARN_DOCUMENTATION_COMMENTS = YES;
				CLANG_WARN_EMPTY_BODY = YES;
				CLANG_WARN_ENUM_CONVERSION = YES;
				CLANG_WARN_INFINITE_RECURSION = YES;
				CLANG_WARN_INT_CONVERSION = YES;
				CLANG_WARN_NON_LITERAL_NULL_CONVERSION = YES;
				CLANG_WARN_OBJC_IMPLICIT_RETAIN_SELF = YES;
				CLANG_WARN_OBJC_LITERAL_CONVERSION = YES;
				CLANG_WARN_OBJC_ROOT_CLASS = YES_ERROR;
				CLANG_WARN_QUOTED_INCLUDE_IN_FRAMEWORK_HEADER = YES;
				CLANG_WARN_RANGE_LOOP_ANALYSIS = YES;
				CLANG_WARN_STRICT_PROTOTYPES = YES;
				CLANG_WARN_SUSPICIOUS_MOVE = YES;
				CLANG_WARN_UNGUARDED_AVAILABILITY = YES_AGGRESSIVE;
				CLANG_WARN_UNREACHABLE_CODE = YES;
				CLANG_WARN__DUPLICATE_METHOD_MATCH = YES;
				COPY_PHASE_STRIP = NO;
				DEBUG_INFORMATION_FORMAT = "dwarf-with-dsym";
				ENABLE_NS_ASSERTIONS = NO;
				ENABLE_STRICT_OBJC_MSGSEND = YES;
				GCC_C_LANGUAGE_STANDARD = gnu11;
				GCC_NO_COMMON_BLOCKS = YES;
				GCC_WARN_64_TO_32_BIT_CONVERSION = YES;
				GCC_WARN_ABOUT_RETURN_TYPE = YES_ERROR;
				GCC_WARN_UNDECLARED_SELECTOR = YES;
				GCC_WARN_UNINITIALIZED_AUTOS = YES_AGGRESSIVE;
				GCC_WARN_UNUSED_FUNCTION = YES;
				GCC_WARN_UNUSED_VARIABLE = YES;
				IPHONEOS_DEPLOYMENT_TARGET = 14.3;
				MTL_ENABLE_DEBUG_INFO = NO;
				MTL_FAST_MATH = YES;
				SDKROOT = iphoneos;
				SWIFT_COMPILATION_MODE = wholemodule;
				SWIFT_OPTIMIZATION_LEVEL = "-O";
				VALIDATE_PRODUCT = YES;
			};
			name = Release;
		};
		CEDCC65425D8CBF8008D8044 /* Debug */ = {
			isa = XCBuildConfiguration;
			buildSettings = {
				ASSETCATALOG_COMPILER_APPICON_NAME = AppIcon;
				ASSETCATALOG_COMPILER_GLOBAL_ACCENT_COLOR_NAME = AccentColor;
				CODE_SIGN_STYLE = Automatic;
				DEVELOPMENT_TEAM = 5D5SG6DZA9;
				INFOPLIST_FILE = multiple_storyboard/Info.plist;
				LD_RUNPATH_SEARCH_PATHS = (
					"$(inherited)",
					"@executable_path/Frameworks",
				);
				PRODUCT_BUNDLE_IDENTIFIER = "com.taelee.multiple-storyboard";
				PRODUCT_NAME = "$(TARGET_NAME)";
				SWIFT_VERSION = 5.0;
				TARGETED_DEVICE_FAMILY = "1,2";
			};
			name = Debug;
		};
		CEDCC65525D8CBF8008D8044 /* Release */ = {
			isa = XCBuildConfiguration;
			buildSettings = {
				ASSETCATALOG_COMPILER_APPICON_NAME = AppIcon;
				ASSETCATALOG_COMPILER_GLOBAL_ACCENT_COLOR_NAME = AccentColor;
				CODE_SIGN_STYLE = Automatic;
				DEVELOPMENT_TEAM = 5D5SG6DZA9;
				INFOPLIST_FILE = multiple_storyboard/Info.plist;
				LD_RUNPATH_SEARCH_PATHS = (
					"$(inherited)",
					"@executable_path/Frameworks",
				);
				PRODUCT_BUNDLE_IDENTIFIER = "com.taelee.multiple-storyboard";
				PRODUCT_NAME = "$(TARGET_NAME)";
				SWIFT_VERSION = 5.0;
				TARGETED_DEVICE_FAMILY = "1,2";
			};
			name = Release;
		};
/* End XCBuildConfiguration section */

/* Begin XCConfigurationList section */
		CEDCC63A25D8CBF4008D8044 /* Build configuration list for PBXProject "multiple_storyboard" */ = {
			isa = XCConfigurationList;
			buildConfigurations = (
				CEDCC65125D8CBF8008D8044 /* Debug */,
				CEDCC65225D8CBF8008D8044 /* Release */,
			);
			defaultConfigurationIsVisible = 0;
			defaultConfigurationName = Release;
		};
		CEDCC65325D8CBF8008D8044 /* Build configuration list for PBXNativeTarget "multiple_storyboard" */ = {
			isa = XCConfigurationList;
			buildConfigurations = (
				CEDCC65425D8CBF8008D8044 /* Debug */,
				CEDCC65525D8CBF8008D8044 /* Release */,
			);
			defaultConfigurationIsVisible = 0;
			defaultConfigurationName = Release;
		};
/* End XCConfigurationList section */
	};
	rootObject = CEDCC63725D8CBF4008D8044 /* Project object */;
}
